// !$*UTF8*$!
{
	archiveVersion = 1;
	classes = {
	};
	objectVersion = 56;
	objects = {

/* Begin PBXBuildFile section */
		AC1651B829874DB000CBC220 /* Theme.swift in Sources */ = {isa = PBXBuildFile; fileRef = AC1651B729874DB000CBC220 /* Theme.swift */; };
		ACD621E729803DFB00FE2CE2 /* MainView.swift in Sources */ = {isa = PBXBuildFile; fileRef = ACD621E629803DFB00FE2CE2 /* MainView.swift */; };
		ACD621EB2980415E00FE2CE2 /* TabContentView.swift in Sources */ = {isa = PBXBuildFile; fileRef = ACD621EA2980415E00FE2CE2 /* TabContentView.swift */; };
		ACD621EE2980569500FE2CE2 /* MainViewModel.swift in Sources */ = {isa = PBXBuildFile; fileRef = ACD621ED2980569500FE2CE2 /* MainViewModel.swift */; };
		ACD621F2298057D400FE2CE2 /* TabViewModel.swift in Sources */ = {isa = PBXBuildFile; fileRef = ACD621F1298057D400FE2CE2 /* TabViewModel.swift */; };
		DADF4C7E295E6DB9006CA792 /* KubeViewerAppApp.swift in Sources */ = {isa = PBXBuildFile; fileRef = DADF4C7D295E6DB9006CA792 /* KubeViewerAppApp.swift */; };
		DADF4C82295E6DBB006CA792 /* Assets.xcassets in Resources */ = {isa = PBXBuildFile; fileRef = DADF4C81295E6DBB006CA792 /* Assets.xcassets */; };
		DADF4C85295E6DBB006CA792 /* Preview Assets.xcassets in Resources */ = {isa = PBXBuildFile; fileRef = DADF4C84295E6DBB006CA792 /* Preview Assets.xcassets */; };
/* End PBXBuildFile section */

/* Begin PBXFileReference section */
		AC1651B729874DB000CBC220 /* Theme.swift */ = {isa = PBXFileReference; lastKnownFileType = sourcecode.swift; path = Theme.swift; sourceTree = "<group>"; };
		ACD621E629803DFB00FE2CE2 /* MainView.swift */ = {isa = PBXFileReference; fileEncoding = 4; lastKnownFileType = sourcecode.swift; path = MainView.swift; sourceTree = "<group>"; };
		ACD621EA2980415E00FE2CE2 /* TabContentView.swift */ = {isa = PBXFileReference; lastKnownFileType = sourcecode.swift; path = TabContentView.swift; sourceTree = "<group>"; };
		ACD621ED2980569500FE2CE2 /* MainViewModel.swift */ = {isa = PBXFileReference; fileEncoding = 4; lastKnownFileType = sourcecode.swift; path = MainViewModel.swift; sourceTree = "<group>"; };
		ACD621F1298057D400FE2CE2 /* TabViewModel.swift */ = {isa = PBXFileReference; lastKnownFileType = sourcecode.swift; path = TabViewModel.swift; sourceTree = "<group>"; };
		DADF4C7A295E6DB9006CA792 /* KubeViewerApp.app */ = {isa = PBXFileReference; explicitFileType = wrapper.application; includeInIndex = 0; path = KubeViewerApp.app; sourceTree = BUILT_PRODUCTS_DIR; };
		DADF4C7D295E6DB9006CA792 /* KubeViewerAppApp.swift */ = {isa = PBXFileReference; lastKnownFileType = sourcecode.swift; path = KubeViewerAppApp.swift; sourceTree = "<group>"; };
		DADF4C81295E6DBB006CA792 /* Assets.xcassets */ = {isa = PBXFileReference; lastKnownFileType = folder.assetcatalog; path = Assets.xcassets; sourceTree = "<group>"; };
		DADF4C84295E6DBB006CA792 /* Preview Assets.xcassets */ = {isa = PBXFileReference; lastKnownFileType = folder.assetcatalog; path = "Preview Assets.xcassets"; sourceTree = "<group>"; };
		DADF4C86295E6DBB006CA792 /* KubeViewerApp.entitlements */ = {isa = PBXFileReference; lastKnownFileType = text.plist.entitlements; path = KubeViewerApp.entitlements; sourceTree = "<group>"; };
/* End PBXFileReference section */

/* Begin PBXFrameworksBuildPhase section */
		DADF4C77295E6DB9006CA792 /* Frameworks */ = {
			isa = PBXFrameworksBuildPhase;
			buildActionMask = 2147483647;
			files = (
			);
			runOnlyForDeploymentPostprocessing = 0;
		};
/* End PBXFrameworksBuildPhase section */

/* Begin PBXGroup section */
		ACD621F02980573E00FE2CE2 /* TabContent */ = {
			isa = PBXGroup;
			children = (
				ACD621F1298057D400FE2CE2 /* TabViewModel.swift */,
			);
			path = TabContent;
			sourceTree = "<group>";
		};
		DADF4C71295E6DB9006CA792 = {
			isa = PBXGroup;
			children = (
				DADF4C7C295E6DB9006CA792 /* KubeViewerApp */,
				DADF4C7B295E6DB9006CA792 /* Products */,
			);
			sourceTree = "<group>";
		};
		DADF4C7B295E6DB9006CA792 /* Products */ = {
			isa = PBXGroup;
			children = (
				DADF4C7A295E6DB9006CA792 /* KubeViewerApp.app */,
			);
			name = Products;
			sourceTree = "<group>";
		};
		DADF4C7C295E6DB9006CA792 /* KubeViewerApp */ = {
			isa = PBXGroup;
			children = (
				AC1651B729874DB000CBC220 /* Theme.swift */,
				ACD621F02980573E00FE2CE2 /* TabContent */,
				ACD621E629803DFB00FE2CE2 /* MainView.swift */,
				ACD621EA2980415E00FE2CE2 /* TabContentView.swift */,
				ACD621ED2980569500FE2CE2 /* MainViewModel.swift */,
				DADF4C7D295E6DB9006CA792 /* KubeViewerAppApp.swift */,
				DADF4C81295E6DBB006CA792 /* Assets.xcassets */,
				DADF4C86295E6DBB006CA792 /* KubeViewerApp.entitlements */,
				DADF4C83295E6DBB006CA792 /* Preview Content */,
			);
			path = KubeViewerApp;
			sourceTree = "<group>";
		};
		DADF4C83295E6DBB006CA792 /* Preview Content */ = {
			isa = PBXGroup;
			children = (
				DADF4C84295E6DBB006CA792 /* Preview Assets.xcassets */,
			);
			path = "Preview Content";
			sourceTree = "<group>";
		};
/* End PBXGroup section */

/* Begin PBXNativeTarget section */
		DADF4C79295E6DB9006CA792 /* KubeViewerApp */ = {
			isa = PBXNativeTarget;
			buildConfigurationList = DADF4C89295E6DBB006CA792 /* Build configuration list for PBXNativeTarget "KubeViewerApp" */;
			buildPhases = (
				DADF4C76295E6DB9006CA792 /* Sources */,
				DADF4C77295E6DB9006CA792 /* Frameworks */,
				DADF4C78295E6DB9006CA792 /* Resources */,
			);
			buildRules = (
			);
			dependencies = (
			);
			name = KubeViewerApp;
			productName = KubeViewerApp;
			productReference = DADF4C7A295E6DB9006CA792 /* KubeViewerApp.app */;
			productType = "com.apple.product-type.application";
		};
/* End PBXNativeTarget section */

/* Begin PBXProject section */
		DADF4C72295E6DB9006CA792 /* Project object */ = {
			isa = PBXProject;
			attributes = {
				BuildIndependentTargetsInParallel = 1;
				LastSwiftUpdateCheck = 1420;
				LastUpgradeCheck = 1420;
				TargetAttributes = {
					DADF4C79295E6DB9006CA792 = {
						CreatedOnToolsVersion = 14.2;
					};
				};
			};
			buildConfigurationList = DADF4C75295E6DB9006CA792 /* Build configuration list for PBXProject "KubeViewerApp" */;
			compatibilityVersion = "Xcode 14.0";
			developmentRegion = en;
			hasScannedForEncodings = 0;
			knownRegions = (
				en,
				Base,
			);
			mainGroup = DADF4C71295E6DB9006CA792;
			productRefGroup = DADF4C7B295E6DB9006CA792 /* Products */;
			projectDirPath = "";
			projectRoot = "";
			targets = (
				DADF4C79295E6DB9006CA792 /* KubeViewerApp */,
			);
		};
/* End PBXProject section */

/* Begin PBXResourcesBuildPhase section */
		DADF4C78295E6DB9006CA792 /* Resources */ = {
			isa = PBXResourcesBuildPhase;
			buildActionMask = 2147483647;
			files = (
				DADF4C85295E6DBB006CA792 /* Preview Assets.xcassets in Resources */,
				DADF4C82295E6DBB006CA792 /* Assets.xcassets in Resources */,
			);
			runOnlyForDeploymentPostprocessing = 0;
		};
/* End PBXResourcesBuildPhase section */

/* Begin PBXSourcesBuildPhase section */
		DADF4C76295E6DB9006CA792 /* Sources */ = {
			isa = PBXSourcesBuildPhase;
			buildActionMask = 2147483647;
			files = (
				ACD621E729803DFB00FE2CE2 /* MainView.swift in Sources */,
				ACD621EB2980415E00FE2CE2 /* TabContentView.swift in Sources */,
				DADF4C7E295E6DB9006CA792 /* KubeViewerAppApp.swift in Sources */,
				AC1651B829874DB000CBC220 /* Theme.swift in Sources */,
				ACD621F2298057D400FE2CE2 /* TabViewModel.swift in Sources */,
				ACD621EE2980569500FE2CE2 /* MainViewModel.swift in Sources */,
			);
			runOnlyForDeploymentPostprocessing = 0;
		};
/* End PBXSourcesBuildPhase section */

/* Begin XCBuildConfiguration section */
		DADF4C87295E6DBB006CA792 /* Debug */ = {
			isa = XCBuildConfiguration;
			buildSettings = {
				ALWAYS_SEARCH_USER_PATHS = NO;
				CLANG_ANALYZER_NONNULL = YES;
				CLANG_ANALYZER_NUMBER_OBJECT_CONVERSION = YES_AGGRESSIVE;
				CLANG_CXX_LANGUAGE_STANDARD = "gnu++20";
				CLANG_ENABLE_MODULES = YES;
				CLANG_ENABLE_OBJC_ARC = YES;
				CLANG_ENABLE_OBJC_WEAK = YES;
				CLANG_WARN_BLOCK_CAPTURE_AUTORELEASING = YES;
				CLANG_WARN_BOOL_CONVERSION = YES;
				CLANG_WARN_COMMA = YES;
				CLANG_WARN_CONSTANT_CONVERSION = YES;
				CLANG_WARN_DEPRECATED_OBJC_IMPLEMENTATIONS = YES;
				CLANG_WARN_DIRECT_OBJC_ISA_USAGE = YES_ERROR;
				CLANG_WARN_DOCUMENTATION_COMMENTS = YES;
				CLANG_WARN_EMPTY_BODY = YES;
				CLANG_WARN_ENUM_CONVERSION = YES;
				CLANG_WARN_INFINITE_RECURSION = YES;
				CLANG_WARN_INT_CONVERSION = YES;
				CLANG_WARN_NON_LITERAL_NULL_CONVERSION = YES;
				CLANG_WARN_OBJC_IMPLICIT_RETAIN_SELF = YES;
				CLANG_WARN_OBJC_LITERAL_CONVERSION = YES;
				CLANG_WARN_OBJC_ROOT_CLASS = YES_ERROR;
				CLANG_WARN_QUOTED_INCLUDE_IN_FRAMEWORK_HEADER = YES;
				CLANG_WARN_RANGE_LOOP_ANALYSIS = YES;
				CLANG_WARN_STRICT_PROTOTYPES = YES;
				CLANG_WARN_SUSPICIOUS_MOVE = YES;
				CLANG_WARN_UNGUARDED_AVAILABILITY = YES_AGGRESSIVE;
				CLANG_WARN_UNREACHABLE_CODE = YES;
				CLANG_WARN__DUPLICATE_METHOD_MATCH = YES;
				COPY_PHASE_STRIP = NO;
				DEBUG_INFORMATION_FORMAT = dwarf;
				ENABLE_STRICT_OBJC_MSGSEND = YES;
				ENABLE_TESTABILITY = YES;
				GCC_C_LANGUAGE_STANDARD = gnu11;
				GCC_DYNAMIC_NO_PIC = NO;
				GCC_NO_COMMON_BLOCKS = YES;
				GCC_OPTIMIZATION_LEVEL = 0;
				GCC_PREPROCESSOR_DEFINITIONS = (
					"DEBUG=1",
					"$(inherited)",
				);
				GCC_WARN_64_TO_32_BIT_CONVERSION = YES;
				GCC_WARN_ABOUT_RETURN_TYPE = YES_ERROR;
				GCC_WARN_UNDECLARED_SELECTOR = YES;
				GCC_WARN_UNINITIALIZED_AUTOS = YES_AGGRESSIVE;
				GCC_WARN_UNUSED_FUNCTION = YES;
				GCC_WARN_UNUSED_VARIABLE = YES;
				MACOSX_DEPLOYMENT_TARGET = 13.0;
				MTL_ENABLE_DEBUG_INFO = INCLUDE_SOURCE;
				MTL_FAST_MATH = YES;
				ONLY_ACTIVE_ARCH = YES;
				SDKROOT = macosx;
				SWIFT_ACTIVE_COMPILATION_CONDITIONS = DEBUG;
				SWIFT_OPTIMIZATION_LEVEL = "-Onone";
			};
			name = Debug;
		};
		DADF4C88295E6DBB006CA792 /* Release */ = {
			isa = XCBuildConfiguration;
			buildSettings = {
				ALWAYS_SEARCH_USER_PATHS = NO;
				CLANG_ANALYZER_NONNULL = YES;
				CLANG_ANALYZER_NUMBER_OBJECT_CONVERSION = YES_AGGRESSIVE;
				CLANG_CXX_LANGUAGE_STANDARD = "gnu++20";
				CLANG_ENABLE_MODULES = YES;
				CLANG_ENABLE_OBJC_ARC = YES;
				CLANG_ENABLE_OBJC_WEAK = YES;
				CLANG_WARN_BLOCK_CAPTURE_AUTORELEASING = YES;
				CLANG_WARN_BOOL_CONVERSION = YES;
				CLANG_WARN_COMMA = YES;
				CLANG_WARN_CONSTANT_CONVERSION = YES;
				CLANG_WARN_DEPRECATED_OBJC_IMPLEMENTATIONS = YES;
				CLANG_WARN_DIRECT_OBJC_ISA_USAGE = YES_ERROR;
				CLANG_WARN_DOCUMENTATION_COMMENTS = YES;
				CLANG_WARN_EMPTY_BODY = YES;
				CLANG_WARN_ENUM_CONVERSION = YES;
				CLANG_WARN_INFINITE_RECURSION = YES;
				CLANG_WARN_INT_CONVERSION = YES;
				CLANG_WARN_NON_LITERAL_NULL_CONVERSION = YES;
				CLANG_WARN_OBJC_IMPLICIT_RETAIN_SELF = YES;
				CLANG_WARN_OBJC_LITERAL_CONVERSION = YES;
				CLANG_WARN_OBJC_ROOT_CLASS = YES_ERROR;
				CLANG_WARN_QUOTED_INCLUDE_IN_FRAMEWORK_HEADER = YES;
				CLANG_WARN_RANGE_LOOP_ANALYSIS = YES;
				CLANG_WARN_STRICT_PROTOTYPES = YES;
				CLANG_WARN_SUSPICIOUS_MOVE = YES;
				CLANG_WARN_UNGUARDED_AVAILABILITY = YES_AGGRESSIVE;
				CLANG_WARN_UNREACHABLE_CODE = YES;
				CLANG_WARN__DUPLICATE_METHOD_MATCH = YES;
				COPY_PHASE_STRIP = NO;
				DEBUG_INFORMATION_FORMAT = "dwarf-with-dsym";
				ENABLE_NS_ASSERTIONS = NO;
				ENABLE_STRICT_OBJC_MSGSEND = YES;
				GCC_C_LANGUAGE_STANDARD = gnu11;
				GCC_NO_COMMON_BLOCKS = YES;
				GCC_WARN_64_TO_32_BIT_CONVERSION = YES;
				GCC_WARN_ABOUT_RETURN_TYPE = YES_ERROR;
				GCC_WARN_UNDECLARED_SELECTOR = YES;
				GCC_WARN_UNINITIALIZED_AUTOS = YES_AGGRESSIVE;
				GCC_WARN_UNUSED_FUNCTION = YES;
				GCC_WARN_UNUSED_VARIABLE = YES;
				MACOSX_DEPLOYMENT_TARGET = 13.0;
				MTL_ENABLE_DEBUG_INFO = NO;
				MTL_FAST_MATH = YES;
				SDKROOT = macosx;
				SWIFT_COMPILATION_MODE = wholemodule;
				SWIFT_OPTIMIZATION_LEVEL = "-O";
			};
			name = Release;
		};
		DADF4C8A295E6DBB006CA792 /* Debug */ = {
			isa = XCBuildConfiguration;
			buildSettings = {
				ASSETCATALOG_COMPILER_APPICON_NAME = AppIcon;
				ASSETCATALOG_COMPILER_GLOBAL_ACCENT_COLOR_NAME = AccentColor;
				CODE_SIGN_ENTITLEMENTS = KubeViewerApp/KubeViewerApp.entitlements;
				CODE_SIGN_STYLE = Automatic;
				COMBINE_HIDPI_IMAGES = YES;
				CURRENT_PROJECT_VERSION = 1;
				DEVELOPMENT_ASSET_PATHS = "\"KubeViewerApp/Preview Content\"";
				ENABLE_PREVIEWS = YES;
				GENERATE_INFOPLIST_FILE = YES;
				INFOPLIST_KEY_NSHumanReadableCopyright = "";
				LD_RUNPATH_SEARCH_PATHS = (
					"$(inherited)",
					"@executable_path/../Frameworks",
				);
				MARKETING_VERSION = 1.0;
				PRODUCT_BUNDLE_IDENTIFIER = com.perera.thavish.KubeViewerApp;
				PRODUCT_NAME = "$(TARGET_NAME)";
				SWIFT_EMIT_LOC_STRINGS = YES;
				SWIFT_VERSION = 5.0;
			};
			name = Debug;
		};
		DADF4C8B295E6DBB006CA792 /* Release */ = {
			isa = XCBuildConfiguration;
			buildSettings = {
				ASSETCATALOG_COMPILER_APPICON_NAME = AppIcon;
				ASSETCATALOG_COMPILER_GLOBAL_ACCENT_COLOR_NAME = AccentColor;
				CODE_SIGN_ENTITLEMENTS = KubeViewerApp/KubeViewerApp.entitlements;
				CODE_SIGN_STYLE = Automatic;
				COMBINE_HIDPI_IMAGES = YES;
				CURRENT_PROJECT_VERSION = 1;
				DEVELOPMENT_ASSET_PATHS = "\"KubeViewerApp/Preview Content\"";
				ENABLE_PREVIEWS = YES;
				GENERATE_INFOPLIST_FILE = YES;
				INFOPLIST_KEY_NSHumanReadableCopyright = "";
				LD_RUNPATH_SEARCH_PATHS = (
					"$(inherited)",
					"@executable_path/../Frameworks",
				);
				MARKETING_VERSION = 1.0;
				PRODUCT_BUNDLE_IDENTIFIER = com.perera.thavish.KubeViewerApp;
				PRODUCT_NAME = "$(TARGET_NAME)";
				SWIFT_EMIT_LOC_STRINGS = YES;
				SWIFT_VERSION = 5.0;
			};
			name = Release;
		};
/* End XCBuildConfiguration section */

/* Begin XCConfigurationList section */
		DADF4C75295E6DB9006CA792 /* Build configuration list for PBXProject "KubeViewerApp" */ = {
			isa = XCConfigurationList;
			buildConfigurations = (
				DADF4C87295E6DBB006CA792 /* Debug */,
				DADF4C88295E6DBB006CA792 /* Release */,
			);
			defaultConfigurationIsVisible = 0;
			defaultConfigurationName = Release;
		};
		DADF4C89295E6DBB006CA792 /* Build configuration list for PBXNativeTarget "KubeViewerApp" */ = {
			isa = XCConfigurationList;
			buildConfigurations = (
				DADF4C8A295E6DBB006CA792 /* Debug */,
				DADF4C8B295E6DBB006CA792 /* Release */,
			);
			defaultConfigurationIsVisible = 0;
			defaultConfigurationName = Release;
		};
/* End XCConfigurationList section */
	};
	rootObject = DADF4C72295E6DB9006CA792 /* Project object */;
}
